
Microsoft Visual Studio Solution File, Format Version 12.00
# Visual Studio Version 16
VisualStudioVersion = 25.0.1706.9
MinimumVisualStudioVersion = 10.0.40219.1
Project("{FAE04EC0-301F-11D3-BF4B-00C04F79EFBC}") = "Task3.1", "Task3.1\Task3.1.csproj", "{6215CF41-A7B7-45C5-87A8-05EDD7E24D56}"
EndProject
Project("{FAE04EC0-301F-11D3-BF4B-00C04F79EFBC}") = "Task3.2", "Task3.2\Task3.2.csproj", "{89BDEB0C-4DF6-4303-A94C-0A3F85F1F9B7}"
EndProject
Project("{FAE04EC0-301F-11D3-BF4B-00C04F79EFBC}") = "Task3.3", "Task3.3\Task3.3.csproj", "{D3F95D9E-7682-486C-BA11-E864130FFC05}"
EndProject
Project("{FAE04EC0-301F-11D3-BF4B-00C04F79EFBC}") = "Task3.4", "Task3.4\Task3.4.csproj", "{FB6618DE-B2AD-495D-A1FF-58C8393B992E}"
EndProject
Project("{FAE04EC0-301F-11D3-BF4B-00C04F79EFBC}") = "Task3.5", "Task3.5\Task3.5.csproj", "{BBAF844C-F969-4BE7-A66F-6072307BEE39}"
EndProject
Project("{FAE04EC0-301F-11D3-BF4B-00C04F79EFBC}") = "Task3.6", "Task3.6\Task3.6.csproj", "{FDF223C6-EE09-460F-A179-01CC6BB90AD4}"
EndProject
Project("{FAE04EC0-301F-11D3-BF4B-00C04F79EFBC}") = "Task3.7", "Task3.7\Task3.7.csproj", "{26F5B85F-F339-45D9-ADC7-367C1EB79C02}"
EndProject
Project("{FAE04EC0-301F-11D3-BF4B-00C04F79EFBC}") = "Practice.5.1", "Practice.5.1\Practice.5.1.csproj", "{D232D5A1-1105-4BFA-870D-58B10089C781}"
EndProject
Project("{FAE04EC0-301F-11D3-BF4B-00C04F79EFBC}") = "Practice.5.2", "Practice.5.2\Practice.5.2.csproj", "{169F573A-D04C-483D-9690-C71648E4457B}"
EndProject
Project("{FAE04EC0-301F-11D3-BF4B-00C04F79EFBC}") = "Practice.5.3", "Practice.5.3\Practice.5.3.csproj", "{D4E24174-CCE3-4293-A803-1A4783CEA0C3}"
EndProject
Project("{FAE04EC0-301F-11D3-BF4B-00C04F79EFBC}") = "Task3.8_HW", "Task3.8_HW\Task3.8_HW.csproj", "{10360D09-A35E-4884-A2B6-A59084C3227B}"
EndProject
Project("{FAE04EC0-301F-11D3-BF4B-00C04F79EFBC}") = "Practice.4.a-f", "Practice.4.a-f\Practice.4.a-f.csproj", "{569E93FE-6288-4EDE-B465-5CBA407AE344}"
EndProject
Project("{FAE04EC0-301F-11D3-BF4B-00C04F79EFBC}") = "Practice.5.4", "Practice.5.4\Practice.5.4.csproj", "{17B67351-4FF5-496D-9186-B33E904D0D33}"
EndProject
Project("{FAE04EC0-301F-11D3-BF4B-00C04F79EFBC}") = "Practice.5.5", "Practice.5.5\Practice.5.5.csproj", "{6286EC2E-90E9-4F5E-9449-25C43A96DC25}"
EndProject
Project("{FAE04EC0-301F-11D3-BF4B-00C04F79EFBC}") = "HW 5.1-8", "HW 5.1-8\HW 5.1-8.csproj", "{4A869008-12D8-40D4-9877-C196B2CC5D91}"
EndProject
Project("{FAE04EC0-301F-11D3-BF4B-00C04F79EFBC}") = "HW 6.1-5", "HW 6.1-5\HW 6.1-5.csproj", "{A9227875-5B5F-4EB6-89AB-7AE60E8D89F3}"
EndProject
Project("{FAE04EC0-301F-11D3-BF4B-00C04F79EFBC}") = "Practice.8.1.List", "Practice.8.1.List\Practice.8.1.List.csproj", "{E9A3A69B-C5A6-4804-A3AB-C4FA706C7B42}"
EndProject
Project("{FAE04EC0-301F-11D3-BF4B-00C04F79EFBC}") = "Practice.8.2.Stack", "Practice.8.2.Stack\Practice.8.2.Stack.csproj", "{9CA1D0E5-1118-449D-B1DB-998A2C37AE45}"
EndProject
Project("{FAE04EC0-301F-11D3-BF4B-00C04F79EFBC}") = "Practice.8.3.Queue", "Practice.8.3.Queue\Practice.8.3.Queue.csproj", "{E958A2B1-E4A2-469C-B974-83758270FDDB}"
EndProject
Global
	GlobalSection(SolutionConfigurationPlatforms) = preSolution
		Debug|Any CPU = Debug|Any CPU
		Release|Any CPU = Release|Any CPU
	EndGlobalSection
	GlobalSection(ProjectConfigurationPlatforms) = postSolution
		{6215CF41-A7B7-45C5-87A8-05EDD7E24D56}.Debug|Any CPU.ActiveCfg = Debug|Any CPU
		{6215CF41-A7B7-45C5-87A8-05EDD7E24D56}.Debug|Any CPU.Build.0 = Debug|Any CPU
		{6215CF41-A7B7-45C5-87A8-05EDD7E24D56}.Release|Any CPU.ActiveCfg = Release|Any CPU
		{6215CF41-A7B7-45C5-87A8-05EDD7E24D56}.Release|Any CPU.Build.0 = Release|Any CPU
		{89BDEB0C-4DF6-4303-A94C-0A3F85F1F9B7}.Debug|Any CPU.ActiveCfg = Debug|Any CPU
		{89BDEB0C-4DF6-4303-A94C-0A3F85F1F9B7}.Debug|Any CPU.Build.0 = Debug|Any CPU
		{89BDEB0C-4DF6-4303-A94C-0A3F85F1F9B7}.Release|Any CPU.ActiveCfg = Release|Any CPU
		{89BDEB0C-4DF6-4303-A94C-0A3F85F1F9B7}.Release|Any CPU.Build.0 = Release|Any CPU
		{D3F95D9E-7682-486C-BA11-E864130FFC05}.Debug|Any CPU.ActiveCfg = Debug|Any CPU
		{D3F95D9E-7682-486C-BA11-E864130FFC05}.Debug|Any CPU.Build.0 = Debug|Any CPU
		{D3F95D9E-7682-486C-BA11-E864130FFC05}.Release|Any CPU.ActiveCfg = Release|Any CPU
		{D3F95D9E-7682-486C-BA11-E864130FFC05}.Release|Any CPU.Build.0 = Release|Any CPU
		{FB6618DE-B2AD-495D-A1FF-58C8393B992E}.Debug|Any CPU.ActiveCfg = Debug|Any CPU
		{FB6618DE-B2AD-495D-A1FF-58C8393B992E}.Debug|Any CPU.Build.0 = Debug|Any CPU
		{FB6618DE-B2AD-495D-A1FF-58C8393B992E}.Release|Any CPU.ActiveCfg = Release|Any CPU
		{FB6618DE-B2AD-495D-A1FF-58C8393B992E}.Release|Any CPU.Build.0 = Release|Any CPU
		{BBAF844C-F969-4BE7-A66F-6072307BEE39}.Debug|Any CPU.ActiveCfg = Debug|Any CPU
		{BBAF844C-F969-4BE7-A66F-6072307BEE39}.Debug|Any CPU.Build.0 = Debug|Any CPU
		{BBAF844C-F969-4BE7-A66F-6072307BEE39}.Release|Any CPU.ActiveCfg = Release|Any CPU
		{BBAF844C-F969-4BE7-A66F-6072307BEE39}.Release|Any CPU.Build.0 = Release|Any CPU
		{FDF223C6-EE09-460F-A179-01CC6BB90AD4}.Debug|Any CPU.ActiveCfg = Debug|Any CPU
		{FDF223C6-EE09-460F-A179-01CC6BB90AD4}.Debug|Any CPU.Build.0 = Debug|Any CPU
		{FDF223C6-EE09-460F-A179-01CC6BB90AD4}.Release|Any CPU.ActiveCfg = Release|Any CPU
		{FDF223C6-EE09-460F-A179-01CC6BB90AD4}.Release|Any CPU.Build.0 = Release|Any CPU
		{26F5B85F-F339-45D9-ADC7-367C1EB79C02}.Debug|Any CPU.ActiveCfg = Debug|Any CPU
		{26F5B85F-F339-45D9-ADC7-367C1EB79C02}.Debug|Any CPU.Build.0 = Debug|Any CPU
		{26F5B85F-F339-45D9-ADC7-367C1EB79C02}.Release|Any CPU.ActiveCfg = Release|Any CPU
		{26F5B85F-F339-45D9-ADC7-367C1EB79C02}.Release|Any CPU.Build.0 = Release|Any CPU
		{D232D5A1-1105-4BFA-870D-58B10089C781}.Debug|Any CPU.ActiveCfg = Debug|Any CPU
		{D232D5A1-1105-4BFA-870D-58B10089C781}.Debug|Any CPU.Build.0 = Debug|Any CPU
		{D232D5A1-1105-4BFA-870D-58B10089C781}.Release|Any CPU.ActiveCfg = Release|Any CPU
		{D232D5A1-1105-4BFA-870D-58B10089C781}.Release|Any CPU.Build.0 = Release|Any CPU
		{169F573A-D04C-483D-9690-C71648E4457B}.Debug|Any CPU.ActiveCfg = Debug|Any CPU
		{169F573A-D04C-483D-9690-C71648E4457B}.Debug|Any CPU.Build.0 = Debug|Any CPU
		{169F573A-D04C-483D-9690-C71648E4457B}.Release|Any CPU.ActiveCfg = Release|Any CPU
		{169F573A-D04C-483D-9690-C71648E4457B}.Release|Any CPU.Build.0 = Release|Any CPU
		{D4E24174-CCE3-4293-A803-1A4783CEA0C3}.Debug|Any CPU.ActiveCfg = Debug|Any CPU
		{D4E24174-CCE3-4293-A803-1A4783CEA0C3}.Debug|Any CPU.Build.0 = Debug|Any CPU
		{D4E24174-CCE3-4293-A803-1A4783CEA0C3}.Release|Any CPU.ActiveCfg = Release|Any CPU
		{D4E24174-CCE3-4293-A803-1A4783CEA0C3}.Release|Any CPU.Build.0 = Release|Any CPU
		{10360D09-A35E-4884-A2B6-A59084C3227B}.Debug|Any CPU.ActiveCfg = Debug|Any CPU
		{10360D09-A35E-4884-A2B6-A59084C3227B}.Debug|Any CPU.Build.0 = Debug|Any CPU
		{10360D09-A35E-4884-A2B6-A59084C3227B}.Release|Any CPU.ActiveCfg = Release|Any CPU
		{10360D09-A35E-4884-A2B6-A59084C3227B}.Release|Any CPU.Build.0 = Release|Any CPU
		{569E93FE-6288-4EDE-B465-5CBA407AE344}.Debug|Any CPU.ActiveCfg = Debug|Any CPU
		{569E93FE-6288-4EDE-B465-5CBA407AE344}.Debug|Any CPU.Build.0 = Debug|Any CPU
		{569E93FE-6288-4EDE-B465-5CBA407AE344}.Release|Any CPU.ActiveCfg = Release|Any CPU
		{569E93FE-6288-4EDE-B465-5CBA407AE344}.Release|Any CPU.Build.0 = Release|Any CPU
		{17B67351-4FF5-496D-9186-B33E904D0D33}.Debug|Any CPU.ActiveCfg = Debug|Any CPU
		{17B67351-4FF5-496D-9186-B33E904D0D33}.Debug|Any CPU.Build.0 = Debug|Any CPU
		{17B67351-4FF5-496D-9186-B33E904D0D33}.Release|Any CPU.ActiveCfg = Release|Any CPU
		{17B67351-4FF5-496D-9186-B33E904D0D33}.Release|Any CPU.Build.0 = Release|Any CPU
		{6286EC2E-90E9-4F5E-9449-25C43A96DC25}.Debug|Any CPU.ActiveCfg = Debug|Any CPU
		{6286EC2E-90E9-4F5E-9449-25C43A96DC25}.Debug|Any CPU.Build.0 = Debug|Any CPU
		{6286EC2E-90E9-4F5E-9449-25C43A96DC25}.Release|Any CPU.ActiveCfg = Release|Any CPU
		{6286EC2E-90E9-4F5E-9449-25C43A96DC25}.Release|Any CPU.Build.0 = Release|Any CPU
		{4A869008-12D8-40D4-9877-C196B2CC5D91}.Debug|Any CPU.ActiveCfg = Debug|Any CPU
		{4A869008-12D8-40D4-9877-C196B2CC5D91}.Debug|Any CPU.Build.0 = Debug|Any CPU
		{4A869008-12D8-40D4-9877-C196B2CC5D91}.Release|Any CPU.ActiveCfg = Release|Any CPU
		{4A869008-12D8-40D4-9877-C196B2CC5D91}.Release|Any CPU.Build.0 = Release|Any CPU
		{A9227875-5B5F-4EB6-89AB-7AE60E8D89F3}.Debug|Any CPU.ActiveCfg = Debug|Any CPU
		{A9227875-5B5F-4EB6-89AB-7AE60E8D89F3}.Debug|Any CPU.Build.0 = Debug|Any CPU
		{A9227875-5B5F-4EB6-89AB-7AE60E8D89F3}.Release|Any CPU.ActiveCfg = Release|Any CPU
		{A9227875-5B5F-4EB6-89AB-7AE60E8D89F3}.Release|Any CPU.Build.0 = Release|Any CPU
		{E9A3A69B-C5A6-4804-A3AB-C4FA706C7B42}.Debug|Any CPU.ActiveCfg = Debug|Any CPU
		{E9A3A69B-C5A6-4804-A3AB-C4FA706C7B42}.Debug|Any CPU.Build.0 = Debug|Any CPU
		{E9A3A69B-C5A6-4804-A3AB-C4FA706C7B42}.Release|Any CPU.ActiveCfg = Release|Any CPU
		{E9A3A69B-C5A6-4804-A3AB-C4FA706C7B42}.Release|Any CPU.Build.0 = Release|Any CPU
		{9CA1D0E5-1118-449D-B1DB-998A2C37AE45}.Debug|Any CPU.ActiveCfg = Debug|Any CPU
		{9CA1D0E5-1118-449D-B1DB-998A2C37AE45}.Debug|Any CPU.Build.0 = Debug|Any CPU
		{9CA1D0E5-1118-449D-B1DB-998A2C37AE45}.Release|Any CPU.ActiveCfg = Release|Any CPU
		{9CA1D0E5-1118-449D-B1DB-998A2C37AE45}.Release|Any CPU.Build.0 = Release|Any CPU
		{E958A2B1-E4A2-469C-B974-83758270FDDB}.Debug|Any CPU.ActiveCfg = Debug|Any CPU
		{E958A2B1-E4A2-469C-B974-83758270FDDB}.Debug|Any CPU.Build.0 = Debug|Any CPU
		{E958A2B1-E4A2-469C-B974-83758270FDDB}.Release|Any CPU.ActiveCfg = Release|Any CPU
		{E958A2B1-E4A2-469C-B974-83758270FDDB}.Release|Any CPU.Build.0 = Release|Any CPU
	EndGlobalSection
	GlobalSection(SolutionProperties) = preSolution
		HideSolutionNode = FALSE
	EndGlobalSection
	GlobalSection(ExtensibilityGlobals) = postSolution
		SolutionGuid = {8F2D55D8-7EA3-4CBE-8B45-6F84DB07DEAE}
	EndGlobalSection
EndGlobal
